// !$*UTF8*$!
{
	archiveVersion = 1;
	classes = {
	};
	objectVersion = 56;
	objects = {

/* Begin PBXBuildFile section */
		55324E362BA3ADEC00746A2B /* AppDelegate.swift in Sources */ = {isa = PBXBuildFile; fileRef = 55324E352BA3ADEC00746A2B /* AppDelegate.swift */; };
		55324E382BA3ADEC00746A2B /* SceneDelegate.swift in Sources */ = {isa = PBXBuildFile; fileRef = 55324E372BA3ADEC00746A2B /* SceneDelegate.swift */; };
		55324E3A2BA3ADEC00746A2B /* ViewController.swift in Sources */ = {isa = PBXBuildFile; fileRef = 55324E392BA3ADEC00746A2B /* ViewController.swift */; };
		55324E3D2BA3ADEC00746A2B /* Base in Resources */ = {isa = PBXBuildFile; fileRef = 55324E3C2BA3ADEC00746A2B /* Base */; };
		55324E3F2BA3ADED00746A2B /* Assets.xcassets in Resources */ = {isa = PBXBuildFile; fileRef = 55324E3E2BA3ADED00746A2B /* Assets.xcassets */; };
		55324E422BA3ADED00746A2B /* Base in Resources */ = {isa = PBXBuildFile; fileRef = 55324E412BA3ADED00746A2B /* Base */; };
		55324E4D2BA3ADED00746A2B /* NavigationAppTests.swift in Sources */ = {isa = PBXBuildFile; fileRef = 55324E4C2BA3ADED00746A2B /* NavigationAppTests.swift */; };
		55324E572BA3ADED00746A2B /* NavigationAppUITests.swift in Sources */ = {isa = PBXBuildFile; fileRef = 55324E562BA3ADED00746A2B /* NavigationAppUITests.swift */; };
		55324E592BA3ADED00746A2B /* NavigationAppUITestsLaunchTests.swift in Sources */ = {isa = PBXBuildFile; fileRef = 55324E582BA3ADED00746A2B /* NavigationAppUITestsLaunchTests.swift */; };
/* End PBXBuildFile section */

/* Begin PBXContainerItemProxy section */
		55324E492BA3ADED00746A2B /* PBXContainerItemProxy */ = {
			isa = PBXContainerItemProxy;
			containerPortal = 55324E2A2BA3ADEC00746A2B /* Project object */;
			proxyType = 1;
			remoteGlobalIDString = 55324E312BA3ADEC00746A2B;
			remoteInfo = NavigationApp;
		};
		55324E532BA3ADED00746A2B /* PBXContainerItemProxy */ = {
			isa = PBXContainerItemProxy;
			containerPortal = 55324E2A2BA3ADEC00746A2B /* Project object */;
			proxyType = 1;
			remoteGlobalIDString = 55324E312BA3ADEC00746A2B;
			remoteInfo = NavigationApp;
		};
/* End PBXContainerItemProxy section */

/* Begin PBXFileReference section */
		55324E322BA3ADEC00746A2B /* NavigationApp.app */ = {isa = PBXFileReference; explicitFileType = wrapper.application; includeInIndex = 0; path = NavigationApp.app; sourceTree = BUILT_PRODUCTS_DIR; };
		55324E352BA3ADEC00746A2B /* AppDelegate.swift */ = {isa = PBXFileReference; lastKnownFileType = sourcecode.swift; path = AppDelegate.swift; sourceTree = "<group>"; };
		55324E372BA3ADEC00746A2B /* SceneDelegate.swift */ = {isa = PBXFileReference; lastKnownFileType = sourcecode.swift; path = SceneDelegate.swift; sourceTree = "<group>"; };
		55324E392BA3ADEC00746A2B /* ViewController.swift */ = {isa = PBXFileReference; lastKnownFileType = sourcecode.swift; path = ViewController.swift; sourceTree = "<group>"; };
		55324E3C2BA3ADEC00746A2B /* Base */ = {isa = PBXFileReference; lastKnownFileType = file.storyboard; name = Base; path = Base.lproj/Main.storyboard; sourceTree = "<group>"; };
		55324E3E2BA3ADED00746A2B /* Assets.xcassets */ = {isa = PBXFileReference; lastKnownFileType = folder.assetcatalog; path = Assets.xcassets; sourceTree = "<group>"; };
		55324E412BA3ADED00746A2B /* Base */ = {isa = PBXFileReference; lastKnownFileType = file.storyboard; name = Base; path = Base.lproj/LaunchScreen.storyboard; sourceTree = "<group>"; };
		55324E432BA3ADED00746A2B /* Info.plist */ = {isa = PBXFileReference; lastKnownFileType = text.plist.xml; path = Info.plist; sourceTree = "<group>"; };
		55324E482BA3ADED00746A2B /* NavigationAppTests.xctest */ = {isa = PBXFileReference; explicitFileType = wrapper.cfbundle; includeInIndex = 0; path = NavigationAppTests.xctest; sourceTree = BUILT_PRODUCTS_DIR; };
		55324E4C2BA3ADED00746A2B /* NavigationAppTests.swift */ = {isa = PBXFileReference; lastKnownFileType = sourcecode.swift; path = NavigationAppTests.swift; sourceTree = "<group>"; };
		55324E522BA3ADED00746A2B /* NavigationAppUITests.xctest */ = {isa = PBXFileReference; explicitFileType = wrapper.cfbundle; includeInIndex = 0; path = NavigationAppUITests.xctest; sourceTree = BUILT_PRODUCTS_DIR; };
		55324E562BA3ADED00746A2B /* NavigationAppUITests.swift */ = {isa = PBXFileReference; lastKnownFileType = sourcecode.swift; path = NavigationAppUITests.swift; sourceTree = "<group>"; };
		55324E582BA3ADED00746A2B /* NavigationAppUITestsLaunchTests.swift */ = {isa = PBXFileReference; lastKnownFileType = sourcecode.swift; path = NavigationAppUITestsLaunchTests.swift; sourceTree = "<group>"; };
/* End PBXFileReference section */

/* Begin PBXFrameworksBuildPhase section */
		55324E2F2BA3ADEC00746A2B /* Frameworks */ = {
			isa = PBXFrameworksBuildPhase;
			buildActionMask = 2147483647;
			files = (
			);
			runOnlyForDeploymentPostprocessing = 0;
		};
		55324E452BA3ADED00746A2B /* Frameworks */ = {
			isa = PBXFrameworksBuildPhase;
			buildActionMask = 2147483647;
			files = (
			);
			runOnlyForDeploymentPostprocessing = 0;
		};
		55324E4F2BA3ADED00746A2B /* Frameworks */ = {
			isa = PBXFrameworksBuildPhase;
			buildActionMask = 2147483647;
			files = (
			);
			runOnlyForDeploymentPostprocessing = 0;
		};
/* End PBXFrameworksBuildPhase section */

/* Begin PBXGroup section */
		55324E292BA3ADEC00746A2B = {
			isa = PBXGroup;
			children = (
				55324E342BA3ADEC00746A2B /* NavigationApp */,
				55324E4B2BA3ADED00746A2B /* NavigationAppTests */,
				55324E552BA3ADED00746A2B /* NavigationAppUITests */,
				55324E332BA3ADEC00746A2B /* Products */,
			);
			sourceTree = "<group>";
		};
		55324E332BA3ADEC00746A2B /* Products */ = {
			isa = PBXGroup;
			children = (
				55324E322BA3ADEC00746A2B /* NavigationApp.app */,
				55324E482BA3ADED00746A2B /* NavigationAppTests.xctest */,
				55324E522BA3ADED00746A2B /* NavigationAppUITests.xctest */,
			);
			name = Products;
			sourceTree = "<group>";
		};
		55324E342BA3ADEC00746A2B /* NavigationApp */ = {
			isa = PBXGroup;
			children = (
				55324E352BA3ADEC00746A2B /* AppDelegate.swift */,
				55324E372BA3ADEC00746A2B /* SceneDelegate.swift */,
				55324E392BA3ADEC00746A2B /* ViewController.swift */,
				55324E3B2BA3ADEC00746A2B /* Main.storyboard */,
				55324E3E2BA3ADED00746A2B /* Assets.xcassets */,
				55324E402BA3ADED00746A2B /* LaunchScreen.storyboard */,
				55324E432BA3ADED00746A2B /* Info.plist */,
			);
			path = NavigationApp;
			sourceTree = "<group>";
		};
		55324E4B2BA3ADED00746A2B /* NavigationAppTests */ = {
			isa = PBXGroup;
			children = (
				55324E4C2BA3ADED00746A2B /* NavigationAppTests.swift */,
			);
			path = NavigationAppTests;
			sourceTree = "<group>";
		};
		55324E552BA3ADED00746A2B /* NavigationAppUITests */ = {
			isa = PBXGroup;
			children = (
				55324E562BA3ADED00746A2B /* NavigationAppUITests.swift */,
				55324E582BA3ADED00746A2B /* NavigationAppUITestsLaunchTests.swift */,
			);
			path = NavigationAppUITests;
			sourceTree = "<group>";
		};
/* End PBXGroup section */

/* Begin PBXNativeTarget section */
		55324E312BA3ADEC00746A2B /* NavigationApp */ = {
			isa = PBXNativeTarget;
			buildConfigurationList = 55324E5C2BA3ADED00746A2B /* Build configuration list for PBXNativeTarget "NavigationApp" */;
			buildPhases = (
				55324E2E2BA3ADEC00746A2B /* Sources */,
				55324E2F2BA3ADEC00746A2B /* Frameworks */,
				55324E302BA3ADEC00746A2B /* Resources */,
			);
			buildRules = (
			);
			dependencies = (
			);
			name = NavigationApp;
			productName = NavigationApp;
			productReference = 55324E322BA3ADEC00746A2B /* NavigationApp.app */;
			productType = "com.apple.product-type.application";
		};
		55324E472BA3ADED00746A2B /* NavigationAppTests */ = {
			isa = PBXNativeTarget;
			buildConfigurationList = 55324E5F2BA3ADED00746A2B /* Build configuration list for PBXNativeTarget "NavigationAppTests" */;
			buildPhases = (
				55324E442BA3ADED00746A2B /* Sources */,
				55324E452BA3ADED00746A2B /* Frameworks */,
				55324E462BA3ADED00746A2B /* Resources */,
			);
			buildRules = (
			);
			dependencies = (
				55324E4A2BA3ADED00746A2B /* PBXTargetDependency */,
			);
			name = NavigationAppTests;
			productName = NavigationAppTests;
			productReference = 55324E482BA3ADED00746A2B /* NavigationAppTests.xctest */;
			productType = "com.apple.product-type.bundle.unit-test";
		};
		55324E512BA3ADED00746A2B /* NavigationAppUITests */ = {
			isa = PBXNativeTarget;
			buildConfigurationList = 55324E622BA3ADED00746A2B /* Build configuration list for PBXNativeTarget "NavigationAppUITests" */;
			buildPhases = (
				55324E4E2BA3ADED00746A2B /* Sources */,
				55324E4F2BA3ADED00746A2B /* Frameworks */,
				55324E502BA3ADED00746A2B /* Resources */,
			);
			buildRules = (
			);
			dependencies = (
				55324E542BA3ADED00746A2B /* PBXTargetDependency */,
			);
			name = NavigationAppUITests;
			productName = NavigationAppUITests;
			productReference = 55324E522BA3ADED00746A2B /* NavigationAppUITests.xctest */;
			productType = "com.apple.product-type.bundle.ui-testing";
		};
/* End PBXNativeTarget section */

/* Begin PBXProject section */
		55324E2A2BA3ADEC00746A2B /* Project object */ = {
			isa = PBXProject;
			attributes = {
				BuildIndependentTargetsInParallel = 1;
				LastSwiftUpdateCheck = 1530;
				LastUpgradeCheck = 1530;
				TargetAttributes = {
					55324E312BA3ADEC00746A2B = {
						CreatedOnToolsVersion = 15.3;
					};
					55324E472BA3ADED00746A2B = {
						CreatedOnToolsVersion = 15.3;
						TestTargetID = 55324E312BA3ADEC00746A2B;
					};
					55324E512BA3ADED00746A2B = {
						CreatedOnToolsVersion = 15.3;
						TestTargetID = 55324E312BA3ADEC00746A2B;
					};
				};
			};
			buildConfigurationList = 55324E2D2BA3ADEC00746A2B /* Build configuration list for PBXProject "NavigationApp" */;
			compatibilityVersion = "Xcode 14.0";
			developmentRegion = en;
			hasScannedForEncodings = 0;
			knownRegions = (
				en,
				Base,
			);
			mainGroup = 55324E292BA3ADEC00746A2B;
			productRefGroup = 55324E332BA3ADEC00746A2B /* Products */;
			projectDirPath = "";
			projectRoot = "";
			targets = (
				55324E312BA3ADEC00746A2B /* NavigationApp */,
				55324E472BA3ADED00746A2B /* NavigationAppTests */,
				55324E512BA3ADED00746A2B /* NavigationAppUITests */,
			);
		};
/* End PBXProject section */

/* Begin PBXResourcesBuildPhase section */
		55324E302BA3ADEC00746A2B /* Resources */ = {
			isa = PBXResourcesBuildPhase;
			buildActionMask = 2147483647;
			files = (
				55324E3F2BA3ADED00746A2B /* Assets.xcassets in Resources */,
				55324E422BA3ADED00746A2B /* Base in Resources */,
				55324E3D2BA3ADEC00746A2B /* Base in Resources */,
			);
			runOnlyForDeploymentPostprocessing = 0;
		};
		55324E462BA3ADED00746A2B /* Resources */ = {
			isa = PBXResourcesBuildPhase;
			buildActionMask = 2147483647;
			files = (
			);
			runOnlyForDeploymentPostprocessing = 0;
		};
		55324E502BA3ADED00746A2B /* Resources */ = {
			isa = PBXResourcesBuildPhase;
			buildActionMask = 2147483647;
			files = (
			);
			runOnlyForDeploymentPostprocessing = 0;
		};
/* End PBXResourcesBuildPhase section */

/* Begin PBXSourcesBuildPhase section */
		55324E2E2BA3ADEC00746A2B /* Sources */ = {
			isa = PBXSourcesBuildPhase;
			buildActionMask = 2147483647;
			files = (
				55324E3A2BA3ADEC00746A2B /* ViewController.swift in Sources */,
				55324E362BA3ADEC00746A2B /* AppDelegate.swift in Sources */,
				55324E382BA3ADEC00746A2B /* SceneDelegate.swift in Sources */,
			);
			runOnlyForDeploymentPostprocessing = 0;
		};
		55324E442BA3ADED00746A2B /* Sources */ = {
			isa = PBXSourcesBuildPhase;
			buildActionMask = 2147483647;
			files = (
				55324E4D2BA3ADED00746A2B /* NavigationAppTests.swift in Sources */,
			);
			runOnlyForDeploymentPostprocessing = 0;
		};
		55324E4E2BA3ADED00746A2B /* Sources */ = {
			isa = PBXSourcesBuildPhase;
			buildActionMask = 2147483647;
			files = (
				55324E592BA3ADED00746A2B /* NavigationAppUITestsLaunchTests.swift in Sources */,
				55324E572BA3ADED00746A2B /* NavigationAppUITests.swift in Sources */,
			);
			runOnlyForDeploymentPostprocessing = 0;
		};
/* End PBXSourcesBuildPhase section */

/* Begin PBXTargetDependency section */
		55324E4A2BA3ADED00746A2B /* PBXTargetDependency */ = {
			isa = PBXTargetDependency;
			target = 55324E312BA3ADEC00746A2B /* NavigationApp */;
			targetProxy = 55324E492BA3ADED00746A2B /* PBXContainerItemProxy */;
		};
		55324E542BA3ADED00746A2B /* PBXTargetDependency */ = {
			isa = PBXTargetDependency;
			target = 55324E312BA3ADEC00746A2B /* NavigationApp */;
			targetProxy = 55324E532BA3ADED00746A2B /* PBXContainerItemProxy */;
		};
/* End PBXTargetDependency section */

/* Begin PBXVariantGroup section */
		55324E3B2BA3ADEC00746A2B /* Main.storyboard */ = {
			isa = PBXVariantGroup;
			children = (
				55324E3C2BA3ADEC00746A2B /* Base */,
			);
			name = Main.storyboard;
			sourceTree = "<group>";
		};
		55324E402BA3ADED00746A2B /* LaunchScreen.storyboard */ = {
			isa = PBXVariantGroup;
			children = (
				55324E412BA3ADED00746A2B /* Base */,
			);
			name = LaunchScreen.storyboard;
			sourceTree = "<group>";
		};
/* End PBXVariantGroup section */

/* Begin XCBuildConfiguration section */
		55324E5A2BA3ADED00746A2B /* Debug */ = {
			isa = XCBuildConfiguration;
			buildSettings = {
				ALWAYS_SEARCH_USER_PATHS = NO;
				ASSETCATALOG_COMPILER_GENERATE_SWIFT_ASSET_SYMBOL_EXTENSIONS = YES;
				CLANG_ANALYZER_NONNULL = YES;
				CLANG_ANALYZER_NUMBER_OBJECT_CONVERSION = YES_AGGRESSIVE;
				CLANG_CXX_LANGUAGE_STANDARD = "gnu++20";
				CLANG_ENABLE_MODULES = YES;
				CLANG_ENABLE_OBJC_ARC = YES;
				CLANG_ENABLE_OBJC_WEAK = YES;
				CLANG_WARN_BLOCK_CAPTURE_AUTORELEASING = YES;
				CLANG_WARN_BOOL_CONVERSION = YES;
				CLANG_WARN_COMMA = YES;
				CLANG_WARN_CONSTANT_CONVERSION = YES;
				CLANG_WARN_DEPRECATED_OBJC_IMPLEMENTATIONS = YES;
				CLANG_WARN_DIRECT_OBJC_ISA_USAGE = YES_ERROR;
				CLANG_WARN_DOCUMENTATION_COMMENTS = YES;
				CLANG_WARN_EMPTY_BODY = YES;
				CLANG_WARN_ENUM_CONVERSION = YES;
				CLANG_WARN_INFINITE_RECURSION = YES;
				CLANG_WARN_INT_CONVERSION = YES;
				CLANG_WARN_NON_LITERAL_NULL_CONVERSION = YES;
				CLANG_WARN_OBJC_IMPLICIT_RETAIN_SELF = YES;
				CLANG_WARN_OBJC_LITERAL_CONVERSION = YES;
				CLANG_WARN_OBJC_ROOT_CLASS = YES_ERROR;
				CLANG_WARN_QUOTED_INCLUDE_IN_FRAMEWORK_HEADER = YES;
				CLANG_WARN_RANGE_LOOP_ANALYSIS = YES;
				CLANG_WARN_STRICT_PROTOTYPES = YES;
				CLANG_WARN_SUSPICIOUS_MOVE = YES;
				CLANG_WARN_UNGUARDED_AVAILABILITY = YES_AGGRESSIVE;
				CLANG_WARN_UNREACHABLE_CODE = YES;
				CLANG_WARN__DUPLICATE_METHOD_MATCH = YES;
				COPY_PHASE_STRIP = NO;
				DEBUG_INFORMATION_FORMAT = dwarf;
				ENABLE_STRICT_OBJC_MSGSEND = YES;
				ENABLE_TESTABILITY = YES;
				ENABLE_USER_SCRIPT_SANDBOXING = YES;
				GCC_C_LANGUAGE_STANDARD = gnu17;
				GCC_DYNAMIC_NO_PIC = NO;
				GCC_NO_COMMON_BLOCKS = YES;
				GCC_OPTIMIZATION_LEVEL = 0;
				GCC_PREPROCESSOR_DEFINITIONS = (
					"DEBUG=1",
					"$(inherited)",
				);
				GCC_WARN_64_TO_32_BIT_CONVERSION = YES;
				GCC_WARN_ABOUT_RETURN_TYPE = YES_ERROR;
				GCC_WARN_UNDECLARED_SELECTOR = YES;
				GCC_WARN_UNINITIALIZED_AUTOS = YES_AGGRESSIVE;
				GCC_WARN_UNUSED_FUNCTION = YES;
				GCC_WARN_UNUSED_VARIABLE = YES;
				IPHONEOS_DEPLOYMENT_TARGET = 17.4;
				LOCALIZATION_PREFERS_STRING_CATALOGS = YES;
				MTL_ENABLE_DEBUG_INFO = INCLUDE_SOURCE;
				MTL_FAST_MATH = YES;
				ONLY_ACTIVE_ARCH = YES;
				SDKROOT = iphoneos;
				SWIFT_ACTIVE_COMPILATION_CONDITIONS = "DEBUG $(inherited)";
				SWIFT_OPTIMIZATION_LEVEL = "-Onone";
			};
			name = Debug;
		};
		55324E5B2BA3ADED00746A2B /* Release */ = {
			isa = XCBuildConfiguration;
			buildSettings = {
				ALWAYS_SEARCH_USER_PATHS = NO;
				ASSETCATALOG_COMPILER_GENERATE_SWIFT_ASSET_SYMBOL_EXTENSIONS = YES;
				CLANG_ANALYZER_NONNULL = YES;
				CLANG_ANALYZER_NUMBER_OBJECT_CONVERSION = YES_AGGRESSIVE;
				CLANG_CXX_LANGUAGE_STANDARD = "gnu++20";
				CLANG_ENABLE_MODULES = YES;
				CLANG_ENABLE_OBJC_ARC = YES;
				CLANG_ENABLE_OBJC_WEAK = YES;
				CLANG_WARN_BLOCK_CAPTURE_AUTORELEASING = YES;
				CLANG_WARN_BOOL_CONVERSION = YES;
				CLANG_WARN_COMMA = YES;
				CLANG_WARN_CONSTANT_CONVERSION = YES;
				CLANG_WARN_DEPRECATED_OBJC_IMPLEMENTATIONS = YES;
				CLANG_WARN_DIRECT_OBJC_ISA_USAGE = YES_ERROR;
				CLANG_WARN_DOCUMENTATION_COMMENTS = YES;
				CLANG_WARN_EMPTY_BODY = YES;
				CLANG_WARN_ENUM_CONVERSION = YES;
				CLANG_WARN_INFINITE_RECURSION = YES;
				CLANG_WARN_INT_CONVERSION = YES;
				CLANG_WARN_NON_LITERAL_NULL_CONVERSION = YES;
				CLANG_WARN_OBJC_IMPLICIT_RETAIN_SELF = YES;
				CLANG_WARN_OBJC_LITERAL_CONVERSION = YES;
				CLANG_WARN_OBJC_ROOT_CLASS = YES_ERROR;
				CLANG_WARN_QUOTED_INCLUDE_IN_FRAMEWORK_HEADER = YES;
				CLANG_WARN_RANGE_LOOP_ANALYSIS = YES;
				CLANG_WARN_STRICT_PROTOTYPES = YES;
				CLANG_WARN_SUSPICIOUS_MOVE = YES;
				CLANG_WARN_UNGUARDED_AVAILABILITY = YES_AGGRESSIVE;
				CLANG_WARN_UNREACHABLE_CODE = YES;
				CLANG_WARN__DUPLICATE_METHOD_MATCH = YES;
				COPY_PHASE_STRIP = NO;
				DEBUG_INFORMATION_FORMAT = "dwarf-with-dsym";
				ENABLE_NS_ASSERTIONS = NO;
				ENABLE_STRICT_OBJC_MSGSEND = YES;
				ENABLE_USER_SCRIPT_SANDBOXING = YES;
				GCC_C_LANGUAGE_STANDARD = gnu17;
				GCC_NO_COMMON_BLOCKS = YES;
				GCC_WARN_64_TO_32_BIT_CONVERSION = YES;
				GCC_WARN_ABOUT_RETURN_TYPE = YES_ERROR;
				GCC_WARN_UNDECLARED_SELECTOR = YES;
				GCC_WARN_UNINITIALIZED_AUTOS = YES_AGGRESSIVE;
				GCC_WARN_UNUSED_FUNCTION = YES;
				GCC_WARN_UNUSED_VARIABLE = YES;
				IPHONEOS_DEPLOYMENT_TARGET = 17.4;
				LOCALIZATION_PREFERS_STRING_CATALOGS = YES;
				MTL_ENABLE_DEBUG_INFO = NO;
				MTL_FAST_MATH = YES;
				SDKROOT = iphoneos;
				SWIFT_COMPILATION_MODE = wholemodule;
				VALIDATE_PRODUCT = YES;
			};
			name = Release;
		};
		55324E5D2BA3ADED00746A2B /* Debug */ = {
			isa = XCBuildConfiguration;
			buildSettings = {
				ASSETCATALOG_COMPILER_APPICON_NAME = AppIcon;
				ASSETCATALOG_COMPILER_GLOBAL_ACCENT_COLOR_NAME = AccentColor;
				CODE_SIGN_STYLE = Automatic;
				CURRENT_PROJECT_VERSION = 1;
				DEVELOPMENT_TEAM = 8RMR29VKMR;
				GENERATE_INFOPLIST_FILE = YES;
				INFOPLIST_FILE = NavigationApp/Info.plist;
				INFOPLIST_KEY_UIApplicationSupportsIndirectInputEvents = YES;
				INFOPLIST_KEY_UILaunchStoryboardName = LaunchScreen;
				INFOPLIST_KEY_UIMainStoryboardFile = Main;
				INFOPLIST_KEY_UISupportedInterfaceOrientations_iPad = "UIInterfaceOrientationPortrait UIInterfaceOrientationPortraitUpsideDown UIInterfaceOrientationLandscapeLeft UIInterfaceOrientationLandscapeRight";
				INFOPLIST_KEY_UISupportedInterfaceOrientations_iPhone = "UIInterfaceOrientationPortrait UIInterfaceOrientationLandscapeLeft UIInterfaceOrientationLandscapeRight";
				LD_RUNPATH_SEARCH_PATHS = (
					"$(inherited)",
					"@executable_path/Frameworks",
				);
				MARKETING_VERSION = 1.0;
				PRODUCT_BUNDLE_IDENTIFIER = com.BrZahar.NavigationApp;
				PRODUCT_NAME = "$(TARGET_NAME)";
				SWIFT_EMIT_LOC_STRINGS = YES;
				SWIFT_VERSION = 5.0;
				TARGETED_DEVICE_FAMILY = "1,2";
			};
			name = Debug;
		};
		55324E5E2BA3ADED00746A2B /* Release */ = {
			isa = XCBuildConfiguration;
			buildSettings = {
				ASSETCATALOG_COMPILER_APPICON_NAME = AppIcon;
				ASSETCATALOG_COMPILER_GLOBAL_ACCENT_COLOR_NAME = AccentColor;
				CODE_SIGN_STYLE = Automatic;
				CURRENT_PROJECT_VERSION = 1;
				DEVELOPMENT_TEAM = 8RMR29VKMR;
				GENERATE_INFOPLIST_FILE = YES;
				INFOPLIST_FILE = NavigationApp/Info.plist;
				INFOPLIST_KEY_UIApplicationSupportsIndirectInputEvents = YES;
				INFOPLIST_KEY_UILaunchStoryboardName = LaunchScreen;
				INFOPLIST_KEY_UIMainStoryboardFile = Main;
				INFOPLIST_KEY_UISupportedInterfaceOrientations_iPad = "UIInterfaceOrientationPortrait UIInterfaceOrientationPortraitUpsideDown UIInterfaceOrientationLandscapeLeft UIInterfaceOrientationLandscapeRight";
				INFOPLIST_KEY_UISupportedInterfaceOrientations_iPhone = "UIInterfaceOrientationPortrait UIInterfaceOrientationLandscapeLeft UIInterfaceOrientationLandscapeRight";
				LD_RUNPATH_SEARCH_PATHS = (
					"$(inherited)",
					"@executable_path/Frameworks",
				);
				MARKETING_VERSION = 1.0;
				PRODUCT_BUNDLE_IDENTIFIER = com.BrZahar.NavigationApp;
				PRODUCT_NAME = "$(TARGET_NAME)";
				SWIFT_EMIT_LOC_STRINGS = YES;
				SWIFT_VERSION = 5.0;
				TARGETED_DEVICE_FAMILY = "1,2";
			};
			name = Release;
		};
		55324E602BA3ADED00746A2B /* Debug */ = {
			isa = XCBuildConfiguration;
			buildSettings = {
				ALWAYS_EMBED_SWIFT_STANDARD_LIBRARIES = YES;
				BUNDLE_LOADER = "$(TEST_HOST)";
				CODE_SIGN_STYLE = Automatic;
				CURRENT_PROJECT_VERSION = 1;
				DEVELOPMENT_TEAM = 8RMR29VKMR;
				GENERATE_INFOPLIST_FILE = YES;
				IPHONEOS_DEPLOYMENT_TARGET = 17.4;
				MARKETING_VERSION = 1.0;
				PRODUCT_BUNDLE_IDENTIFIER = com.BrZahar.NavigationAppTests;
				PRODUCT_NAME = "$(TARGET_NAME)";
				SWIFT_EMIT_LOC_STRINGS = NO;
				SWIFT_VERSION = 5.0;
				TARGETED_DEVICE_FAMILY = "1,2";
				TEST_HOST = "$(BUILT_PRODUCTS_DIR)/NavigationApp.app/$(BUNDLE_EXECUTABLE_FOLDER_PATH)/NavigationApp";
			};
			name = Debug;
		};
		55324E612BA3ADED00746A2B /* Release */ = {
			isa = XCBuildConfiguration;
			buildSettings = {
				ALWAYS_EMBED_SWIFT_STANDARD_LIBRARIES = YES;
				BUNDLE_LOADER = "$(TEST_HOST)";
				CODE_SIGN_STYLE = Automatic;
				CURRENT_PROJECT_VERSION = 1;
				DEVELOPMENT_TEAM = 8RMR29VKMR;
				GENERATE_INFOPLIST_FILE = YES;
				IPHONEOS_DEPLOYMENT_TARGET = 17.4;
				MARKETING_VERSION = 1.0;
				PRODUCT_BUNDLE_IDENTIFIER = com.BrZahar.NavigationAppTests;
				PRODUCT_NAME = "$(TARGET_NAME)";
				SWIFT_EMIT_LOC_STRINGS = NO;
				SWIFT_VERSION = 5.0;
				TARGETED_DEVICE_FAMILY = "1,2";
				TEST_HOST = "$(BUILT_PRODUCTS_DIR)/NavigationApp.app/$(BUNDLE_EXECUTABLE_FOLDER_PATH)/NavigationApp";
			};
			name = Release;
		};
		55324E632BA3ADED00746A2B /* Debug */ = {
			isa = XCBuildConfiguration;
			buildSettings = {
				ALWAYS_EMBED_SWIFT_STANDARD_LIBRARIES = YES;
				CODE_SIGN_STYLE = Automatic;
				CURRENT_PROJECT_VERSION = 1;
				DEVELOPMENT_TEAM = 8RMR29VKMR;
				GENERATE_INFOPLIST_FILE = YES;
				MARKETING_VERSION = 1.0;
				PRODUCT_BUNDLE_IDENTIFIER = com.BrZahar.NavigationAppUITests;
				PRODUCT_NAME = "$(TARGET_NAME)";
				SWIFT_EMIT_LOC_STRINGS = NO;
				SWIFT_VERSION = 5.0;
				TARGETED_DEVICE_FAMILY = "1,2";
				TEST_TARGET_NAME = NavigationApp;
			};
			name = Debug;
		};
		55324E642BA3ADED00746A2B /* Release */ = {
			isa = XCBuildConfiguration;
			buildSettings = {
				ALWAYS_EMBED_SWIFT_STANDARD_LIBRARIES = YES;
				CODE_SIGN_STYLE = Automatic;
				CURRENT_PROJECT_VERSION = 1;
				DEVELOPMENT_TEAM = 8RMR29VKMR;
				GENERATE_INFOPLIST_FILE = YES;
				MARKETING_VERSION = 1.0;
				PRODUCT_BUNDLE_IDENTIFIER = com.BrZahar.NavigationAppUITests;
				PRODUCT_NAME = "$(TARGET_NAME)";
				SWIFT_EMIT_LOC_STRINGS = NO;
				SWIFT_VERSION = 5.0;
				TARGETED_DEVICE_FAMILY = "1,2";
				TEST_TARGET_NAME = NavigationApp;
			};
			name = Release;
		};
/* End XCBuildConfiguration section */

/* Begin XCConfigurationList section */
		55324E2D2BA3ADEC00746A2B /* Build configuration list for PBXProject "NavigationApp" */ = {
			isa = XCConfigurationList;
			buildConfigurations = (
				55324E5A2BA3ADED00746A2B /* Debug */,
				55324E5B2BA3ADED00746A2B /* Release */,
			);
			defaultConfigurationIsVisible = 0;
			defaultConfigurationName = Release;
		};
		55324E5C2BA3ADED00746A2B /* Build configuration list for PBXNativeTarget "NavigationApp" */ = {
			isa = XCConfigurationList;
			buildConfigurations = (
				55324E5D2BA3ADED00746A2B /* Debug */,
				55324E5E2BA3ADED00746A2B /* Release */,
			);
			defaultConfigurationIsVisible = 0;
			defaultConfigurationName = Release;
		};
		55324E5F2BA3ADED00746A2B /* Build configuration list for PBXNativeTarget "NavigationAppTests" */ = {
			isa = XCConfigurationList;
			buildConfigurations = (
				55324E602BA3ADED00746A2B /* Debug */,
				55324E612BA3ADED00746A2B /* Release */,
			);
			defaultConfigurationIsVisible = 0;
			defaultConfigurationName = Release;
		};
		55324E622BA3ADED00746A2B /* Build configuration list for PBXNativeTarget "NavigationAppUITests" */ = {
			isa = XCConfigurationList;
			buildConfigurations = (
				55324E632BA3ADED00746A2B /* Debug */,
				55324E642BA3ADED00746A2B /* Release */,
			);
			defaultConfigurationIsVisible = 0;
			defaultConfigurationName = Release;
		};
/* End XCConfigurationList section */
	};
	rootObject = 55324E2A2BA3ADEC00746A2B /* Project object */;
}
